
Microsoft Visual Studio Solution File, Format Version 12.00
# Visual Studio Version 16
VisualStudioVersion = 16.0.31402.337
MinimumVisualStudioVersion = 10.0.40219.1
Project("{FAE04EC0-301F-11D3-BF4B-00C04F79EFBC}") = "VMP-Mod", "VMP-Mod.csproj", "{733F32B5-C7AE-4C75-8BE2-DC2664FFA133}"
EndProject
Global
	GlobalSection(SolutionConfigurationPlatforms) = preSolution
		Debug|Any CPU = Debug|Any CPU
		Release|Any CPU = Release|Any CPU
	EndGlobalSection
	GlobalSection(ProjectConfigurationPlatforms) = postSolution
		{733F32B5-C7AE-4C75-8BE2-DC2664FFA133}.Debug|Any CPU.ActiveCfg = Debug|Any CPU
		{733F32B5-C7AE-4C75-8BE2-DC2664FFA133}.Debug|Any CPU.Build.0 = Debug|Any CPU
		{733F32B5-C7AE-4C75-8BE2-DC2664FFA133}.Release|Any CPU.ActiveCfg = Release|Any CPU
		{733F32B5-C7AE-4C75-8BE2-DC2664FFA133}.Release|Any CPU.Build.0 = Release|Any CPU
	EndGlobalSection
	GlobalSection(SolutionProperties) = preSolution
		HideSolutionNode = FALSE
	EndGlobalSection
	GlobalSection(ExtensibilityGlobals) = postSolution
		SolutionGuid = {34ED99F9-A3EB-4B07-A51E-39B225DD8EAD}
	EndGlobalSection
EndGlobal
